
Microsoft Visual Studio Solution File, Format Version 12.00
# Visual Studio 15
VisualStudioVersion = 15.0.27428.2002
MinimumVisualStudioVersion = 10.0.40219.1
Project("{FAE04EC0-301F-11D3-BF4B-00C04F79EFBC}") = "ConsoleApp2", "ConsoleApp2\ConsoleApp2.csproj", "{28B164E1-C8F0-462E-8C32-6FC8E5D1E95D}"
EndProject
Global
	GlobalSection(SolutionConfigurationPlatforms) = preSolution
		Debug|Any CPU = Debug|Any CPU
		Release|Any CPU = Release|Any CPU
	EndGlobalSection
	GlobalSection(ProjectConfigurationPlatforms) = postSolution
		{28B164E1-C8F0-462E-8C32-6FC8E5D1E95D}.Debug|Any CPU.ActiveCfg = Debug|Any CPU
		{28B164E1-C8F0-462E-8C32-6FC8E5D1E95D}.Debug|Any CPU.Build.0 = Debug|Any CPU
		{28B164E1-C8F0-462E-8C32-6FC8E5D1E95D}.Release|Any CPU.ActiveCfg = Release|Any CPU
		{28B164E1-C8F0-462E-8C32-6FC8E5D1E95D}.Release|Any CPU.Build.0 = Release|Any CPU
	EndGlobalSection
	GlobalSection(SolutionProperties) = preSolution
		HideSolutionNode = FALSE
	EndGlobalSection
	GlobalSection(ExtensibilityGlobals) = postSolution
		SolutionGuid = {CF768900-6B3D-464D-96A9-DA6EDE20DB0B}
	EndGlobalSection
EndGlobal
